// !$*UTF8*$!
{
	archiveVersion = 1;
	classes = {
	};
	objectVersion = 46;
	objects = {

/* Begin PBXBuildFile section */
		910D89882076E16800FA1765 /* RatingControl.swift in Sources */ = {isa = PBXBuildFile; fileRef = 910D89872076E16800FA1765 /* RatingControl.swift */; };
		911F5522207280CF00A7973D /* AppDelegate.swift in Sources */ = {isa = PBXBuildFile; fileRef = 911F5521207280CF00A7973D /* AppDelegate.swift */; };
		911F5524207280CF00A7973D /* ViewController.swift in Sources */ = {isa = PBXBuildFile; fileRef = 911F5523207280CF00A7973D /* ViewController.swift */; };
		911F5527207280CF00A7973D /* Main.storyboard in Resources */ = {isa = PBXBuildFile; fileRef = 911F5525207280CF00A7973D /* Main.storyboard */; };
		911F5529207280D000A7973D /* Assets.xcassets in Resources */ = {isa = PBXBuildFile; fileRef = 911F5528207280D000A7973D /* Assets.xcassets */; };
		911F552C207280D000A7973D /* LaunchScreen.storyboard in Resources */ = {isa = PBXBuildFile; fileRef = 911F552A207280D000A7973D /* LaunchScreen.storyboard */; };
		911F5537207280D000A7973D /* FoodTrackerTests.swift in Sources */ = {isa = PBXBuildFile; fileRef = 911F5536207280D000A7973D /* FoodTrackerTests.swift */; };
		914E41B420810E8B0079B0E2 /* Meal.swift in Sources */ = {isa = PBXBuildFile; fileRef = 914E41B320810E8B0079B0E2 /* Meal.swift */; };
/* End PBXBuildFile section */

/* Begin PBXContainerItemProxy section */
		911F5533207280D000A7973D /* PBXContainerItemProxy */ = {
			isa = PBXContainerItemProxy;
			containerPortal = 911F5516207280CF00A7973D /* Project object */;
			proxyType = 1;
			remoteGlobalIDString = 911F551D207280CF00A7973D;
			remoteInfo = FoodTracker;
		};
/* End PBXContainerItemProxy section */

/* Begin PBXFileReference section */
		910D89872076E16800FA1765 /* RatingControl.swift */ = {isa = PBXFileReference; fileEncoding = 4; lastKnownFileType = sourcecode.swift; path = RatingControl.swift; sourceTree = "<group>"; };
		911F551E207280CF00A7973D /* FoodTracker.app */ = {isa = PBXFileReference; explicitFileType = wrapper.application; includeInIndex = 0; path = FoodTracker.app; sourceTree = BUILT_PRODUCTS_DIR; };
		911F5521207280CF00A7973D /* AppDelegate.swift */ = {isa = PBXFileReference; lastKnownFileType = sourcecode.swift; path = AppDelegate.swift; sourceTree = "<group>"; };
		911F5523207280CF00A7973D /* ViewController.swift */ = {isa = PBXFileReference; lastKnownFileType = sourcecode.swift; path = ViewController.swift; sourceTree = "<group>"; };
		911F5526207280CF00A7973D /* Base */ = {isa = PBXFileReference; lastKnownFileType = file.storyboard; name = Base; path = Base.lproj/Main.storyboard; sourceTree = "<group>"; };
		911F5528207280D000A7973D /* Assets.xcassets */ = {isa = PBXFileReference; lastKnownFileType = folder.assetcatalog; path = Assets.xcassets; sourceTree = "<group>"; };
		911F552B207280D000A7973D /* Base */ = {isa = PBXFileReference; lastKnownFileType = file.storyboard; name = Base; path = Base.lproj/LaunchScreen.storyboard; sourceTree = "<group>"; };
		911F552D207280D000A7973D /* Info.plist */ = {isa = PBXFileReference; lastKnownFileType = text.plist.xml; path = Info.plist; sourceTree = "<group>"; };
		911F5532207280D000A7973D /* FoodTrackerTests.xctest */ = {isa = PBXFileReference; explicitFileType = wrapper.cfbundle; includeInIndex = 0; path = FoodTrackerTests.xctest; sourceTree = BUILT_PRODUCTS_DIR; };
		911F5536207280D000A7973D /* FoodTrackerTests.swift */ = {isa = PBXFileReference; lastKnownFileType = sourcecode.swift; path = FoodTrackerTests.swift; sourceTree = "<group>"; };
		911F5538207280D000A7973D /* Info.plist */ = {isa = PBXFileReference; lastKnownFileType = text.plist.xml; path = Info.plist; sourceTree = "<group>"; };
		914E41B320810E8B0079B0E2 /* Meal.swift */ = {isa = PBXFileReference; fileEncoding = 4; lastKnownFileType = sourcecode.swift; name = Meal.swift; path = ../Meal.swift; sourceTree = "<group>"; };
/* End PBXFileReference section */

/* Begin PBXFrameworksBuildPhase section */
		911F551B207280CF00A7973D /* Frameworks */ = {
			isa = PBXFrameworksBuildPhase;
			buildActionMask = 2147483647;
			files = (
			);
			runOnlyForDeploymentPostprocessing = 0;
		};
		911F552F207280D000A7973D /* Frameworks */ = {
			isa = PBXFrameworksBuildPhase;
			buildActionMask = 2147483647;
			files = (
			);
			runOnlyForDeploymentPostprocessing = 0;
		};
/* End PBXFrameworksBuildPhase section */

/* Begin PBXGroup section */
		911F5515207280CF00A7973D = {
			isa = PBXGroup;
			children = (
				911F5520207280CF00A7973D /* FoodTracker */,
				911F5535207280D000A7973D /* FoodTrackerTests */,
				911F551F207280CF00A7973D /* Products */,
			);
			sourceTree = "<group>";
		};
		911F551F207280CF00A7973D /* Products */ = {
			isa = PBXGroup;
			children = (
				911F551E207280CF00A7973D /* FoodTracker.app */,
				911F5532207280D000A7973D /* FoodTrackerTests.xctest */,
			);
			name = Products;
			sourceTree = "<group>";
		};
		911F5520207280CF00A7973D /* FoodTracker */ = {
			isa = PBXGroup;
			children = (
				911F5521207280CF00A7973D /* AppDelegate.swift */,
				911F5523207280CF00A7973D /* ViewController.swift */,
				910D89872076E16800FA1765 /* RatingControl.swift */,
				914E41B320810E8B0079B0E2 /* Meal.swift */,
				911F5525207280CF00A7973D /* Main.storyboard */,
				911F5528207280D000A7973D /* Assets.xcassets */,
				911F552A207280D000A7973D /* LaunchScreen.storyboard */,
				911F552D207280D000A7973D /* Info.plist */,
			);
			path = FoodTracker;
			sourceTree = "<group>";
		};
		911F5535207280D000A7973D /* FoodTrackerTests */ = {
			isa = PBXGroup;
			children = (
				911F5536207280D000A7973D /* FoodTrackerTests.swift */,
				911F5538207280D000A7973D /* Info.plist */,
			);
			path = FoodTrackerTests;
			sourceTree = "<group>";
		};
/* End PBXGroup section */

/* Begin PBXNativeTarget section */
		911F551D207280CF00A7973D /* FoodTracker */ = {
			isa = PBXNativeTarget;
			buildConfigurationList = 911F553B207280D000A7973D /* Build configuration list for PBXNativeTarget "FoodTracker" */;
			buildPhases = (
				911F551A207280CF00A7973D /* Sources */,
				911F551B207280CF00A7973D /* Frameworks */,
				911F551C207280CF00A7973D /* Resources */,
			);
			buildRules = (
			);
			dependencies = (
			);
			name = FoodTracker;
			productName = FoodTracker;
			productReference = 911F551E207280CF00A7973D /* FoodTracker.app */;
			productType = "com.apple.product-type.application";
		};
		911F5531207280D000A7973D /* FoodTrackerTests */ = {
			isa = PBXNativeTarget;
			buildConfigurationList = 911F553E207280D000A7973D /* Build configuration list for PBXNativeTarget "FoodTrackerTests" */;
			buildPhases = (
				911F552E207280D000A7973D /* Sources */,
				911F552F207280D000A7973D /* Frameworks */,
				911F5530207280D000A7973D /* Resources */,
			);
			buildRules = (
			);
			dependencies = (
				911F5534207280D000A7973D /* PBXTargetDependency */,
			);
			name = FoodTrackerTests;
			productName = FoodTrackerTests;
			productReference = 911F5532207280D000A7973D /* FoodTrackerTests.xctest */;
			productType = "com.apple.product-type.bundle.unit-test";
		};
/* End PBXNativeTarget section */

/* Begin PBXProject section */
		911F5516207280CF00A7973D /* Project object */ = {
			isa = PBXProject;
			attributes = {
				LastSwiftUpdateCheck = 0820;
				LastUpgradeCheck = 0820;
				ORGANIZATIONNAME = "Reinaldo Henrique";
				TargetAttributes = {
					911F551D207280CF00A7973D = {
						CreatedOnToolsVersion = 8.2.1;
						DevelopmentTeam = B829R4MSA4;
						ProvisioningStyle = Automatic;
					};
					911F5531207280D000A7973D = {
						CreatedOnToolsVersion = 8.2.1;
						ProvisioningStyle = Automatic;
						TestTargetID = 911F551D207280CF00A7973D;
					};
				};
			};
			buildConfigurationList = 911F5519207280CF00A7973D /* Build configuration list for PBXProject "FoodTracker" */;
			compatibilityVersion = "Xcode 3.2";
			developmentRegion = English;
			hasScannedForEncodings = 0;
			knownRegions = (
				en,
				Base,
			);
			mainGroup = 911F5515207280CF00A7973D;
			productRefGroup = 911F551F207280CF00A7973D /* Products */;
			projectDirPath = "";
			projectRoot = "";
			targets = (
				911F551D207280CF00A7973D /* FoodTracker */,
				911F5531207280D000A7973D /* FoodTrackerTests */,
			);
		};
/* End PBXProject section */

/* Begin PBXResourcesBuildPhase section */
		911F551C207280CF00A7973D /* Resources */ = {
			isa = PBXResourcesBuildPhase;
			buildActionMask = 2147483647;
			files = (
				911F552C207280D000A7973D /* LaunchScreen.storyboard in Resources */,
				911F5529207280D000A7973D /* Assets.xcassets in Resources */,
				911F5527207280CF00A7973D /* Main.storyboard in Resources */,
			);
			runOnlyForDeploymentPostprocessing = 0;
		};
		911F5530207280D000A7973D /* Resources */ = {
			isa = PBXResourcesBuildPhase;
			buildActionMask = 2147483647;
			files = (
			);
			runOnlyForDeploymentPostprocessing = 0;
		};
/* End PBXResourcesBuildPhase section */

/* Begin PBXSourcesBuildPhase section */
		911F551A207280CF00A7973D /* Sources */ = {
			isa = PBXSourcesBuildPhase;
			buildActionMask = 2147483647;
			files = (
				914E41B420810E8B0079B0E2 /* Meal.swift in Sources */,
				911F5524207280CF00A7973D /* ViewController.swift in Sources */,
				910D89882076E16800FA1765 /* RatingControl.swift in Sources */,
				911F5522207280CF00A7973D /* AppDelegate.swift in Sources */,
			);
			runOnlyForDeploymentPostprocessing = 0;
		};
		911F552E207280D000A7973D /* Sources */ = {
			isa = PBXSourcesBuildPhase;
			buildActionMask = 2147483647;
			files = (
				911F5537207280D000A7973D /* FoodTrackerTests.swift in Sources */,
			);
			runOnlyForDeploymentPostprocessing = 0;
		};
/* End PBXSourcesBuildPhase section */

/* Begin PBXTargetDependency section */
		911F5534207280D000A7973D /* PBXTargetDependency */ = {
			isa = PBXTargetDependency;
			target = 911F551D207280CF00A7973D /* FoodTracker */;
			targetProxy = 911F5533207280D000A7973D /* PBXContainerItemProxy */;
		};
/* End PBXTargetDependency section */

/* Begin PBXVariantGroup section */
		911F5525207280CF00A7973D /* Main.storyboard */ = {
			isa = PBXVariantGroup;
			children = (
				911F5526207280CF00A7973D /* Base */,
			);
			name = Main.storyboard;
			sourceTree = "<group>";
		};
		911F552A207280D000A7973D /* LaunchScreen.storyboard */ = {
			isa = PBXVariantGroup;
			children = (
				911F552B207280D000A7973D /* Base */,
			);
			name = LaunchScreen.storyboard;
			sourceTree = "<group>";
		};
/* End PBXVariantGroup section */

/* Begin XCBuildConfiguration section */
		911F5539207280D000A7973D /* Debug */ = {
			isa = XCBuildConfiguration;
			buildSettings = {
				ALWAYS_SEARCH_USER_PATHS = NO;
				CLANG_ANALYZER_NONNULL = YES;
				CLANG_CXX_LANGUAGE_STANDARD = "gnu++0x";
				CLANG_CXX_LIBRARY = "libc++";
				CLANG_ENABLE_MODULES = YES;
				CLANG_ENABLE_OBJC_ARC = YES;
				CLANG_WARN_BOOL_CONVERSION = YES;
				CLANG_WARN_CONSTANT_CONVERSION = YES;
				CLANG_WARN_DIRECT_OBJC_ISA_USAGE = YES_ERROR;
				CLANG_WARN_DOCUMENTATION_COMMENTS = YES;
				CLANG_WARN_EMPTY_BODY = YES;
				CLANG_WARN_ENUM_CONVERSION = YES;
				CLANG_WARN_INFINITE_RECURSION = YES;
				CLANG_WARN_INT_CONVERSION = YES;
				CLANG_WARN_OBJC_ROOT_CLASS = YES_ERROR;
				CLANG_WARN_SUSPICIOUS_MOVE = YES;
				CLANG_WARN_UNREACHABLE_CODE = YES;
				CLANG_WARN__DUPLICATE_METHOD_MATCH = YES;
				"CODE_SIGN_IDENTITY[sdk=iphoneos*]" = "iPhone Developer";
				COPY_PHASE_STRIP = NO;
				DEBUG_INFORMATION_FORMAT = dwarf;
				ENABLE_STRICT_OBJC_MSGSEND = YES;
				ENABLE_TESTABILITY = YES;
				GCC_C_LANGUAGE_STANDARD = gnu99;
				GCC_DYNAMIC_NO_PIC = NO;
				GCC_NO_COMMON_BLOCKS = YES;
				GCC_OPTIMIZATION_LEVEL = 0;
				GCC_PREPROCESSOR_DEFINITIONS = (
					"DEBUG=1",
					"$(inherited)",
				);
				GCC_WARN_64_TO_32_BIT_CONVERSION = YES;
				GCC_WARN_ABOUT_RETURN_TYPE = YES_ERROR;
				GCC_WARN_UNDECLARED_SELECTOR = YES;
				GCC_WARN_UNINITIALIZED_AUTOS = YES_AGGRESSIVE;
				GCC_WARN_UNUSED_FUNCTION = YES;
				GCC_WARN_UNUSED_VARIABLE = YES;
				IPHONEOS_DEPLOYMENT_TARGET = 10.2;
				MTL_ENABLE_DEBUG_INFO = YES;
				ONLY_ACTIVE_ARCH = YES;
				SDKROOT = iphoneos;
				SWIFT_ACTIVE_COMPILATION_CONDITIONS = DEBUG;
				SWIFT_OPTIMIZATION_LEVEL = "-Onone";
				TARGETED_DEVICE_FAMILY = "1,2";
			};
			name = Debug;
		};
		911F553A207280D000A7973D /* Release */ = {
			isa = XCBuildConfiguration;
			buildSettings = {
				ALWAYS_SEARCH_USER_PATHS = NO;
				CLANG_ANALYZER_NONNULL = YES;
				CLANG_CXX_LANGUAGE_STANDARD = "gnu++0x";
				CLANG_CXX_LIBRARY = "libc++";
				CLANG_ENABLE_MODULES = YES;
				CLANG_ENABLE_OBJC_ARC = YES;
				CLANG_WARN_BOOL_CONVERSION = YES;
				CLANG_WARN_CONSTANT_CONVERSION = YES;
				CLANG_WARN_DIRECT_OBJC_ISA_USAGE = YES_ERROR;
				CLANG_WARN_DOCUMENTATION_COMMENTS = YES;
				CLANG_WARN_EMPTY_BODY = YES;
				CLANG_WARN_ENUM_CONVERSION = YES;
				CLANG_WARN_INFINITE_RECURSION = YES;
				CLANG_WARN_INT_CONVERSION = YES;
				CLANG_WARN_OBJC_ROOT_CLASS = YES_ERROR;
				CLANG_WARN_SUSPICIOUS_MOVE = YES;
				CLANG_WARN_UNREACHABLE_CODE = YES;
				CLANG_WARN__DUPLICATE_METHOD_MATCH = YES;
				"CODE_SIGN_IDENTITY[sdk=iphoneos*]" = "iPhone Developer";
				COPY_PHASE_STRIP = NO;
				DEBUG_INFORMATION_FORMAT = "dwarf-with-dsym";
				ENABLE_NS_ASSERTIONS = NO;
				ENABLE_STRICT_OBJC_MSGSEND = YES;
				GCC_C_LANGUAGE_STANDARD = gnu99;
				GCC_NO_COMMON_BLOCKS = YES;
				GCC_WARN_64_TO_32_BIT_CONVERSION = YES;
				GCC_WARN_ABOUT_RETURN_TYPE = YES_ERROR;
				GCC_WARN_UNDECLARED_SELECTOR = YES;
				GCC_WARN_UNINITIALIZED_AUTOS = YES_AGGRESSIVE;
				GCC_WARN_UNUSED_FUNCTION = YES;
				GCC_WARN_UNUSED_VARIABLE = YES;
				IPHONEOS_DEPLOYMENT_TARGET = 10.2;
				MTL_ENABLE_DEBUG_INFO = NO;
				SDKROOT = iphoneos;
				SWIFT_OPTIMIZATION_LEVEL = "-Owholemodule";
				TARGETED_DEVICE_FAMILY = "1,2";
				VALIDATE_PRODUCT = YES;
			};
			name = Release;
		};
		911F553C207280D000A7973D /* Debug */ = {
			isa = XCBuildConfiguration;
			buildSettings = {
				ARCHS = "$(ARCHS_STANDARD)";
				ASSETCATALOG_COMPILER_APPICON_NAME = AppIcon;
				DEVELOPMENT_TEAM = B829R4MSA4;
				INFOPLIST_FILE = FoodTracker/Info.plist;
				IPHONEOS_DEPLOYMENT_TARGET = 9.3;
				LD_RUNPATH_SEARCH_PATHS = "$(inherited) @executable_path/Frameworks";
				ONLY_ACTIVE_ARCH = YES;
				PRODUCT_BUNDLE_IDENTIFIER = com.reinaldo.FoodTracker;
				PRODUCT_NAME = "$(TARGET_NAME)";
				SDKROOT = iphoneos10.2;
				"SDKROOT[arch=*]" = iphoneos10.2;
				SWIFT_VERSION = 3.0;
			};
			name = Debug;
		};
		911F553D207280D000A7973D /* Release */ = {
			isa = XCBuildConfiguration;
			buildSettings = {
				"ADDITIONAL_SDKS[arch=*]" = "";
				ARCHS = "$(ARCHS_STANDARD)";
				ASSETCATALOG_COMPILER_APPICON_NAME = AppIcon;
				DEVELOPMENT_TEAM = B829R4MSA4;
				INFOPLIST_FILE = FoodTracker/Info.plist;
				IPHONEOS_DEPLOYMENT_TARGET = 9.3;
				LD_RUNPATH_SEARCH_PATHS = "$(inherited) @executable_path/Frameworks";
				ONLY_ACTIVE_ARCH = YES;
				PRODUCT_BUNDLE_IDENTIFIER = com.reinaldo.FoodTracker;
				PRODUCT_NAME = "$(TARGET_NAME)";
				SDKROOT = iphoneos10.2;
				SWIFT_VERSION = 3.0;
			};
			name = Release;
		};
		911F553F207280D000A7973D /* Debug */ = {
			isa = XCBuildConfiguration;
			buildSettings = {
				ALWAYS_EMBED_SWIFT_STANDARD_LIBRARIES = YES;
				BUNDLE_LOADER = "$(TEST_HOST)";
				INFOPLIST_FILE = FoodTrackerTests/Info.plist;
				LD_RUNPATH_SEARCH_PATHS = "$(inherited) @executable_path/Frameworks @loader_path/Frameworks";
				PRODUCT_BUNDLE_IDENTIFIER = com.example.FoodTrackerTests;
				PRODUCT_NAME = "$(TARGET_NAME)";
				SWIFT_VERSION = 3.0;
				TEST_HOST = "$(BUILT_PRODUCTS_DIR)/FoodTracker.app/FoodTracker";
			};
			name = Debug;
		};
		911F5540207280D000A7973D /* Release */ = {
			isa = XCBuildConfiguration;
			buildSettings = {
				ALWAYS_EMBED_SWIFT_STANDARD_LIBRARIES = YES;
				BUNDLE_LOADER = "$(TEST_HOST)";
				INFOPLIST_FILE = FoodTrackerTests/Info.plist;
				LD_RUNPATH_SEARCH_PATHS = "$(inherited) @executable_path/Frameworks @loader_path/Frameworks";
				PRODUCT_BUNDLE_IDENTIFIER = com.example.FoodTrackerTests;
				PRODUCT_NAME = "$(TARGET_NAME)";
				SWIFT_VERSION = 3.0;
				TEST_HOST = "$(BUILT_PRODUCTS_DIR)/FoodTracker.app/FoodTracker";
			};
			name = Release;
		};
/* End XCBuildConfiguration section */

/* Begin XCConfigurationList section */
		911F5519207280CF00A7973D /* Build configuration list for PBXProject "FoodTracker" */ = {
			isa = XCConfigurationList;
			buildConfigurations = (
				911F5539207280D000A7973D /* Debug */,
				911F553A207280D000A7973D /* Release */,
			);
			defaultConfigurationIsVisible = 0;
			defaultConfigurationName = Release;
		};
		911F553B207280D000A7973D /* Build configuration list for PBXNativeTarget "FoodTracker" */ = {
			isa = XCConfigurationList;
			buildConfigurations = (
				911F553C207280D000A7973D /* Debug */,
				911F553D207280D000A7973D /* Release */,
			);
			defaultConfigurationIsVisible = 0;
			defaultConfigurationName = Release;
		};
		911F553E207280D000A7973D /* Build configuration list for PBXNativeTarget "FoodTrackerTests" */ = {
			isa = XCConfigurationList;
			buildConfigurations = (
				911F553F207280D000A7973D /* Debug */,
				911F5540207280D000A7973D /* Release */,
			);
			defaultConfigurationIsVisible = 0;
			defaultConfigurationName = Release;
		};
/* End XCConfigurationList section */
	};
	rootObject = 911F5516207280CF00A7973D /* Project object */;
}
